// !$*UTF8*$!
{
	archiveVersion = 1;
	classes = {
	};
	objectVersion = 56;
	objects = {

/* Begin PBXBuildFile section */
		0417B5EE29A2340D000C0036 /* DetailViewModelTests.swift in Sources */ = {isa = PBXBuildFile; fileRef = 0417B5ED29A2340D000C0036 /* DetailViewModelTests.swift */; };
		046CD0C9299C214A003797D4 /* AppDelegate.swift in Sources */ = {isa = PBXBuildFile; fileRef = 046CD0C8299C214A003797D4 /* AppDelegate.swift */; };
		046CD0CD299C214A003797D4 /* ViewController.swift in Sources */ = {isa = PBXBuildFile; fileRef = 046CD0CC299C214A003797D4 /* ViewController.swift */; };
		046CD0D0299C214A003797D4 /* Main.storyboard in Resources */ = {isa = PBXBuildFile; fileRef = 046CD0CE299C214A003797D4 /* Main.storyboard */; };
		046CD0D2299C214B003797D4 /* Assets.xcassets in Resources */ = {isa = PBXBuildFile; fileRef = 046CD0D1299C214B003797D4 /* Assets.xcassets */; };
		046CD0D5299C214B003797D4 /* LaunchScreen.storyboard in Resources */ = {isa = PBXBuildFile; fileRef = 046CD0D3299C214B003797D4 /* LaunchScreen.storyboard */; };
		046CD0FF299C21EE003797D4 /* Product.swift in Sources */ = {isa = PBXBuildFile; fileRef = 046CD0FE299C21EE003797D4 /* Product.swift */; };
		046CD101299C227C003797D4 /* Categorie.swift in Sources */ = {isa = PBXBuildFile; fileRef = 046CD100299C227C003797D4 /* Categorie.swift */; };
		046CD103299C22A9003797D4 /* WebService.swift in Sources */ = {isa = PBXBuildFile; fileRef = 046CD102299C22A9003797D4 /* WebService.swift */; };
		046CD107299C2304003797D4 /* ViewModel.swift in Sources */ = {isa = PBXBuildFile; fileRef = 046CD106299C2304003797D4 /* ViewModel.swift */; };
		046CD109299C23B6003797D4 /* UIImageView+LoadImageWithUrl.swift in Sources */ = {isa = PBXBuildFile; fileRef = 046CD108299C23B6003797D4 /* UIImageView+LoadImageWithUrl.swift */; };
		046CD10B299C24A4003797D4 /* ProductListViewController.swift in Sources */ = {isa = PBXBuildFile; fileRef = 046CD10A299C24A4003797D4 /* ProductListViewController.swift */; };
		046CD10D299C24D8003797D4 /* ProductListViewModel.swift in Sources */ = {isa = PBXBuildFile; fileRef = 046CD10C299C24D8003797D4 /* ProductListViewModel.swift */; };
		046CD10F299C2531003797D4 /* ProductViewCell.swift in Sources */ = {isa = PBXBuildFile; fileRef = 046CD10E299C2531003797D4 /* ProductViewCell.swift */; };
		046CD111299C27F4003797D4 /* DetailsViewController.swift in Sources */ = {isa = PBXBuildFile; fileRef = 046CD110299C27F4003797D4 /* DetailsViewController.swift */; };
		046CD113299C27FF003797D4 /* DetailsViewModel.swift in Sources */ = {isa = PBXBuildFile; fileRef = 046CD112299C27FF003797D4 /* DetailsViewModel.swift */; };
		046CD116299C2A12003797D4 /* Constants.swift in Sources */ = {isa = PBXBuildFile; fileRef = 046CD115299C2A12003797D4 /* Constants.swift */; };
		046CD11B299D727A003797D4 /* WebServiceTests.swift in Sources */ = {isa = PBXBuildFile; fileRef = 046CD11A299D727A003797D4 /* WebServiceTests.swift */; };
		04E7DF99299E960D0062C156 /* ProductListViewController+Delegate.swift in Sources */ = {isa = PBXBuildFile; fileRef = 04E7DF98299E960D0062C156 /* ProductListViewController+Delegate.swift */; };
		04E7DF9C299EB0BE0062C156 /* UIView+Constraints.swift in Sources */ = {isa = PBXBuildFile; fileRef = 04E7DF9B299EB0BE0062C156 /* UIView+Constraints.swift */; };
		04E7DF9E299EC92D0062C156 /* UIView+UIEdgeInsets.swift in Sources */ = {isa = PBXBuildFile; fileRef = 04E7DF9D299EC92D0062C156 /* UIView+UIEdgeInsets.swift */; };
		04E7DFA0299F89290062C156 /* UIView+subviews.swift in Sources */ = {isa = PBXBuildFile; fileRef = 04E7DF9F299F89290062C156 /* UIView+subviews.swift */; };
		04E7DFA4299F8EBD0062C156 /* LeBonCoinMocker.swift in Sources */ = {isa = PBXBuildFile; fileRef = 04E7DFA3299F8EBD0062C156 /* LeBonCoinMocker.swift */; };
		04E7E03F299FE0640062C156 /* ProductListViewModelDelegateMock.swift in Sources */ = {isa = PBXBuildFile; fileRef = 04E7E03E299FE0640062C156 /* ProductListViewModelDelegateMock.swift */; };
		04E7E042299FE8620062C156 /* ProductListViewModelTests.swift in Sources */ = {isa = PBXBuildFile; fileRef = 04E7E041299FE8620062C156 /* ProductListViewModelTests.swift */; };
/* End PBXBuildFile section */

/* Begin PBXContainerItemProxy section */
		046CD0DC299C214B003797D4 /* PBXContainerItemProxy */ = {
			isa = PBXContainerItemProxy;
			containerPortal = 046CD0BD299C214A003797D4 /* Project object */;
			proxyType = 1;
			remoteGlobalIDString = 046CD0C4299C214A003797D4;
			remoteInfo = LeBonCoin;
		};
/* End PBXContainerItemProxy section */

/* Begin PBXFileReference section */
		0417B5ED29A2340D000C0036 /* DetailViewModelTests.swift */ = {isa = PBXFileReference; lastKnownFileType = sourcecode.swift; path = DetailViewModelTests.swift; sourceTree = "<group>"; };
		046CD0C5299C214A003797D4 /* LeBonCoin.app */ = {isa = PBXFileReference; explicitFileType = wrapper.application; includeInIndex = 0; path = LeBonCoin.app; sourceTree = BUILT_PRODUCTS_DIR; };
		046CD0C8299C214A003797D4 /* AppDelegate.swift */ = {isa = PBXFileReference; lastKnownFileType = sourcecode.swift; path = AppDelegate.swift; sourceTree = "<group>"; };
		046CD0CC299C214A003797D4 /* ViewController.swift */ = {isa = PBXFileReference; lastKnownFileType = sourcecode.swift; path = ViewController.swift; sourceTree = "<group>"; };
		046CD0CF299C214A003797D4 /* Base */ = {isa = PBXFileReference; lastKnownFileType = file.storyboard; name = Base; path = Base.lproj/Main.storyboard; sourceTree = "<group>"; };
		046CD0D1299C214B003797D4 /* Assets.xcassets */ = {isa = PBXFileReference; lastKnownFileType = folder.assetcatalog; path = Assets.xcassets; sourceTree = "<group>"; };
		046CD0D4299C214B003797D4 /* Base */ = {isa = PBXFileReference; lastKnownFileType = file.storyboard; name = Base; path = Base.lproj/LaunchScreen.storyboard; sourceTree = "<group>"; };
		046CD0D6299C214B003797D4 /* Info.plist */ = {isa = PBXFileReference; lastKnownFileType = text.plist.xml; path = Info.plist; sourceTree = "<group>"; };
		046CD0DB299C214B003797D4 /* LeBonCoinTests.xctest */ = {isa = PBXFileReference; explicitFileType = wrapper.cfbundle; includeInIndex = 0; path = LeBonCoinTests.xctest; sourceTree = BUILT_PRODUCTS_DIR; };
		046CD0FE299C21EE003797D4 /* Product.swift */ = {isa = PBXFileReference; lastKnownFileType = sourcecode.swift; path = Product.swift; sourceTree = "<group>"; };
		046CD100299C227C003797D4 /* Categorie.swift */ = {isa = PBXFileReference; lastKnownFileType = sourcecode.swift; path = Categorie.swift; sourceTree = "<group>"; };
		046CD102299C22A9003797D4 /* WebService.swift */ = {isa = PBXFileReference; lastKnownFileType = sourcecode.swift; path = WebService.swift; sourceTree = "<group>"; };
		046CD106299C2304003797D4 /* ViewModel.swift */ = {isa = PBXFileReference; fileEncoding = 4; lastKnownFileType = sourcecode.swift; path = ViewModel.swift; sourceTree = "<group>"; };
		046CD108299C23B6003797D4 /* UIImageView+LoadImageWithUrl.swift */ = {isa = PBXFileReference; lastKnownFileType = sourcecode.swift; path = "UIImageView+LoadImageWithUrl.swift"; sourceTree = "<group>"; };
		046CD10A299C24A4003797D4 /* ProductListViewController.swift */ = {isa = PBXFileReference; lastKnownFileType = sourcecode.swift; path = ProductListViewController.swift; sourceTree = "<group>"; };
		046CD10C299C24D8003797D4 /* ProductListViewModel.swift */ = {isa = PBXFileReference; lastKnownFileType = sourcecode.swift; path = ProductListViewModel.swift; sourceTree = "<group>"; };
		046CD10E299C2531003797D4 /* ProductViewCell.swift */ = {isa = PBXFileReference; lastKnownFileType = sourcecode.swift; path = ProductViewCell.swift; sourceTree = "<group>"; };
		046CD110299C27F4003797D4 /* DetailsViewController.swift */ = {isa = PBXFileReference; lastKnownFileType = sourcecode.swift; path = DetailsViewController.swift; sourceTree = "<group>"; };
		046CD112299C27FF003797D4 /* DetailsViewModel.swift */ = {isa = PBXFileReference; lastKnownFileType = sourcecode.swift; path = DetailsViewModel.swift; sourceTree = "<group>"; };
		046CD115299C2A12003797D4 /* Constants.swift */ = {isa = PBXFileReference; lastKnownFileType = sourcecode.swift; path = Constants.swift; sourceTree = "<group>"; };
		046CD11A299D727A003797D4 /* WebServiceTests.swift */ = {isa = PBXFileReference; lastKnownFileType = sourcecode.swift; path = WebServiceTests.swift; sourceTree = "<group>"; };
		04E7DF98299E960D0062C156 /* ProductListViewController+Delegate.swift */ = {isa = PBXFileReference; fileEncoding = 4; lastKnownFileType = sourcecode.swift; path = "ProductListViewController+Delegate.swift"; sourceTree = "<group>"; };
		04E7DF9B299EB0BE0062C156 /* UIView+Constraints.swift */ = {isa = PBXFileReference; lastKnownFileType = sourcecode.swift; path = "UIView+Constraints.swift"; sourceTree = "<group>"; };
		04E7DF9D299EC92D0062C156 /* UIView+UIEdgeInsets.swift */ = {isa = PBXFileReference; lastKnownFileType = sourcecode.swift; path = "UIView+UIEdgeInsets.swift"; sourceTree = "<group>"; };
		04E7DF9F299F89290062C156 /* UIView+subviews.swift */ = {isa = PBXFileReference; lastKnownFileType = sourcecode.swift; path = "UIView+subviews.swift"; sourceTree = "<group>"; };
		04E7DFA3299F8EBD0062C156 /* LeBonCoinMocker.swift */ = {isa = PBXFileReference; lastKnownFileType = sourcecode.swift; path = LeBonCoinMocker.swift; sourceTree = "<group>"; };
		04E7E03E299FE0640062C156 /* ProductListViewModelDelegateMock.swift */ = {isa = PBXFileReference; lastKnownFileType = sourcecode.swift; path = ProductListViewModelDelegateMock.swift; sourceTree = "<group>"; };
		04E7E041299FE8620062C156 /* ProductListViewModelTests.swift */ = {isa = PBXFileReference; lastKnownFileType = sourcecode.swift; path = ProductListViewModelTests.swift; sourceTree = "<group>"; };
/* End PBXFileReference section */

/* Begin PBXFrameworksBuildPhase section */
		046CD0C2299C214A003797D4 /* Frameworks */ = {
			isa = PBXFrameworksBuildPhase;
			buildActionMask = 2147483647;
			files = (
			);
			runOnlyForDeploymentPostprocessing = 0;
		};
		046CD0D8299C214B003797D4 /* Frameworks */ = {
			isa = PBXFrameworksBuildPhase;
			buildActionMask = 2147483647;
			files = (
			);
			runOnlyForDeploymentPostprocessing = 0;
		};
/* End PBXFrameworksBuildPhase section */

/* Begin PBXGroup section */
		0417B5EC29A233F9000C0036 /* ProductDetail */ = {
			isa = PBXGroup;
			children = (
				0417B5ED29A2340D000C0036 /* DetailViewModelTests.swift */,
			);
			path = ProductDetail;
			sourceTree = "<group>";
		};
		046CD0BC299C214A003797D4 = {
			isa = PBXGroup;
			children = (
				046CD0C7299C214A003797D4 /* LeBonCoin */,
				046CD0DE299C214B003797D4 /* LeBonCoinTests */,
				046CD0C6299C214A003797D4 /* Products */,
			);
			sourceTree = "<group>";
		};
		046CD0C6299C214A003797D4 /* Products */ = {
			isa = PBXGroup;
			children = (
				046CD0C5299C214A003797D4 /* LeBonCoin.app */,
				046CD0DB299C214B003797D4 /* LeBonCoinTests.xctest */,
			);
			name = Products;
			sourceTree = "<group>";
		};
		046CD0C7299C214A003797D4 /* LeBonCoin */ = {
			isa = PBXGroup;
			children = (
				046CD0C8299C214A003797D4 /* AppDelegate.swift */,
				046CD0F9299C21B6003797D4 /* ViewControllers */,
				046CD0F8299C21B6003797D4 /* Model */,
				046CD0FD299C21BC003797D4 /* Extensions */,
				046CD0FC299C21B7003797D4 /* Services */,
				046CD114299C2A08003797D4 /* Utility */,
				046CD0CE299C214A003797D4 /* Main.storyboard */,
				046CD0D1299C214B003797D4 /* Assets.xcassets */,
				046CD0D3299C214B003797D4 /* LaunchScreen.storyboard */,
				046CD0D6299C214B003797D4 /* Info.plist */,
			);
			path = LeBonCoin;
			sourceTree = "<group>";
		};
		046CD0DE299C214B003797D4 /* LeBonCoinTests */ = {
			isa = PBXGroup;
			children = (
				04E7DFA3299F8EBD0062C156 /* LeBonCoinMocker.swift */,
				04E7DFA5299F90730062C156 /* ProductList */,
				0417B5EC29A233F9000C0036 /* ProductDetail */,
				046CD119299D71F8003797D4 /* Services */,
			);
			path = LeBonCoinTests;
			sourceTree = "<group>";
		};
		046CD0F8299C21B6003797D4 /* Model */ = {
			isa = PBXGroup;
			children = (
				046CD0FE299C21EE003797D4 /* Product.swift */,
				046CD100299C227C003797D4 /* Categorie.swift */,
			);
			path = Model;
			sourceTree = "<group>";
		};
		046CD0F9299C21B6003797D4 /* ViewControllers */ = {
			isa = PBXGroup;
			children = (
				046CD106299C2304003797D4 /* ViewModel.swift */,
				046CD0CC299C214A003797D4 /* ViewController.swift */,
				046CD0FA299C21B6003797D4 /* ProductList */,
				046CD0FB299C21B6003797D4 /* ProductDetail */,
			);
			path = ViewControllers;
			sourceTree = "<group>";
		};
		046CD0FA299C21B6003797D4 /* ProductList */ = {
			isa = PBXGroup;
			children = (
				046CD10A299C24A4003797D4 /* ProductListViewController.swift */,
				04E7DF98299E960D0062C156 /* ProductListViewController+Delegate.swift */,
				046CD10C299C24D8003797D4 /* ProductListViewModel.swift */,
				046CD10E299C2531003797D4 /* ProductViewCell.swift */,
			);
			path = ProductList;
			sourceTree = "<group>";
		};
		046CD0FB299C21B6003797D4 /* ProductDetail */ = {
			isa = PBXGroup;
			children = (
				046CD110299C27F4003797D4 /* DetailsViewController.swift */,
				046CD112299C27FF003797D4 /* DetailsViewModel.swift */,
			);
			path = ProductDetail;
			sourceTree = "<group>";
		};
		046CD0FC299C21B7003797D4 /* Services */ = {
			isa = PBXGroup;
			children = (
				046CD102299C22A9003797D4 /* WebService.swift */,
			);
			path = Services;
			sourceTree = "<group>";
		};
		046CD0FD299C21BC003797D4 /* Extensions */ = {
			isa = PBXGroup;
			children = (
				046CD108299C23B6003797D4 /* UIImageView+LoadImageWithUrl.swift */,
				04E7DF9B299EB0BE0062C156 /* UIView+Constraints.swift */,
				04E7DF9D299EC92D0062C156 /* UIView+UIEdgeInsets.swift */,
				04E7DF9F299F89290062C156 /* UIView+subviews.swift */,
			);
			path = Extensions;
			sourceTree = "<group>";
		};
		046CD114299C2A08003797D4 /* Utility */ = {
			isa = PBXGroup;
			children = (
				046CD115299C2A12003797D4 /* Constants.swift */,
			);
			path = Utility;
			sourceTree = "<group>";
		};
		046CD119299D71F8003797D4 /* Services */ = {
			isa = PBXGroup;
			children = (
				046CD11A299D727A003797D4 /* WebServiceTests.swift */,
			);
			path = Services;
			sourceTree = "<group>";
		};
		04E7DFA5299F90730062C156 /* ProductList */ = {
			isa = PBXGroup;
			children = (
				04E7E03E299FE0640062C156 /* ProductListViewModelDelegateMock.swift */,
				04E7E041299FE8620062C156 /* ProductListViewModelTests.swift */,
			);
			path = ProductList;
			sourceTree = "<group>";
		};
/* End PBXGroup section */

/* Begin PBXNativeTarget section */
		046CD0C4299C214A003797D4 /* LeBonCoin */ = {
			isa = PBXNativeTarget;
			buildConfigurationList = 046CD0EF299C214B003797D4 /* Build configuration list for PBXNativeTarget "LeBonCoin" */;
			buildPhases = (
				046CD0C1299C214A003797D4 /* Sources */,
				046CD0C2299C214A003797D4 /* Frameworks */,
				046CD0C3299C214A003797D4 /* Resources */,
			);
			buildRules = (
			);
			dependencies = (
			);
			name = LeBonCoin;
			productName = LeBonCoin;
			productReference = 046CD0C5299C214A003797D4 /* LeBonCoin.app */;
			productType = "com.apple.product-type.application";
		};
		046CD0DA299C214B003797D4 /* LeBonCoinTests */ = {
			isa = PBXNativeTarget;
			buildConfigurationList = 046CD0F2299C214B003797D4 /* Build configuration list for PBXNativeTarget "LeBonCoinTests" */;
			buildPhases = (
				046CD0D7299C214B003797D4 /* Sources */,
				046CD0D8299C214B003797D4 /* Frameworks */,
				046CD0D9299C214B003797D4 /* Resources */,
			);
			buildRules = (
			);
			dependencies = (
				046CD0DD299C214B003797D4 /* PBXTargetDependency */,
			);
			name = LeBonCoinTests;
			productName = LeBonCoinTests;
			productReference = 046CD0DB299C214B003797D4 /* LeBonCoinTests.xctest */;
			productType = "com.apple.product-type.bundle.unit-test";
		};
/* End PBXNativeTarget section */

/* Begin PBXProject section */
		046CD0BD299C214A003797D4 /* Project object */ = {
			isa = PBXProject;
			attributes = {
				BuildIndependentTargetsInParallel = 1;
				LastSwiftUpdateCheck = 1420;
				LastUpgradeCheck = 1420;
				TargetAttributes = {
					046CD0C4299C214A003797D4 = {
						CreatedOnToolsVersion = 14.2;
					};
					046CD0DA299C214B003797D4 = {
						CreatedOnToolsVersion = 14.2;
						TestTargetID = 046CD0C4299C214A003797D4;
					};
				};
			};
			buildConfigurationList = 046CD0C0299C214A003797D4 /* Build configuration list for PBXProject "LeBonCoin" */;
			compatibilityVersion = "Xcode 14.0";
			developmentRegion = en;
			hasScannedForEncodings = 0;
			knownRegions = (
				en,
				Base,
			);
			mainGroup = 046CD0BC299C214A003797D4;
			productRefGroup = 046CD0C6299C214A003797D4 /* Products */;
			projectDirPath = "";
			projectRoot = "";
			targets = (
				046CD0C4299C214A003797D4 /* LeBonCoin */,
				046CD0DA299C214B003797D4 /* LeBonCoinTests */,
			);
		};
/* End PBXProject section */

/* Begin PBXResourcesBuildPhase section */
		046CD0C3299C214A003797D4 /* Resources */ = {
			isa = PBXResourcesBuildPhase;
			buildActionMask = 2147483647;
			files = (
				046CD0D5299C214B003797D4 /* LaunchScreen.storyboard in Resources */,
				046CD0D2299C214B003797D4 /* Assets.xcassets in Resources */,
				046CD0D0299C214A003797D4 /* Main.storyboard in Resources */,
			);
			runOnlyForDeploymentPostprocessing = 0;
		};
		046CD0D9299C214B003797D4 /* Resources */ = {
			isa = PBXResourcesBuildPhase;
			buildActionMask = 2147483647;
			files = (
			);
			runOnlyForDeploymentPostprocessing = 0;
		};
/* End PBXResourcesBuildPhase section */

/* Begin PBXSourcesBuildPhase section */
		046CD0C1299C214A003797D4 /* Sources */ = {
			isa = PBXSourcesBuildPhase;
			buildActionMask = 2147483647;
			files = (
				046CD103299C22A9003797D4 /* WebService.swift in Sources */,
				04E7DF9E299EC92D0062C156 /* UIView+UIEdgeInsets.swift in Sources */,
				04E7DF99299E960D0062C156 /* ProductListViewController+Delegate.swift in Sources */,
				046CD10B299C24A4003797D4 /* ProductListViewController.swift in Sources */,
				046CD0CD299C214A003797D4 /* ViewController.swift in Sources */,
				046CD101299C227C003797D4 /* Categorie.swift in Sources */,
				046CD113299C27FF003797D4 /* DetailsViewModel.swift in Sources */,
				046CD0FF299C21EE003797D4 /* Product.swift in Sources */,
				046CD116299C2A12003797D4 /* Constants.swift in Sources */,
				046CD0C9299C214A003797D4 /* AppDelegate.swift in Sources */,
				04E7DFA0299F89290062C156 /* UIView+subviews.swift in Sources */,
				046CD10D299C24D8003797D4 /* ProductListViewModel.swift in Sources */,
				046CD107299C2304003797D4 /* ViewModel.swift in Sources */,
				046CD109299C23B6003797D4 /* UIImageView+LoadImageWithUrl.swift in Sources */,
				04E7DF9C299EB0BE0062C156 /* UIView+Constraints.swift in Sources */,
				046CD10F299C2531003797D4 /* ProductViewCell.swift in Sources */,
				046CD111299C27F4003797D4 /* DetailsViewController.swift in Sources */,
			);
			runOnlyForDeploymentPostprocessing = 0;
		};
		046CD0D7299C214B003797D4 /* Sources */ = {
			isa = PBXSourcesBuildPhase;
			buildActionMask = 2147483647;
			files = (
				04E7DFA4299F8EBD0062C156 /* LeBonCoinMocker.swift in Sources */,
				0417B5EE29A2340D000C0036 /* DetailViewModelTests.swift in Sources */,
				046CD11B299D727A003797D4 /* WebServiceTests.swift in Sources */,
				04E7E03F299FE0640062C156 /* ProductListViewModelDelegateMock.swift in Sources */,
				04E7E042299FE8620062C156 /* ProductListViewModelTests.swift in Sources */,
			);
			runOnlyForDeploymentPostprocessing = 0;
		};
/* End PBXSourcesBuildPhase section */

/* Begin PBXTargetDependency section */
		046CD0DD299C214B003797D4 /* PBXTargetDependency */ = {
			isa = PBXTargetDependency;
			target = 046CD0C4299C214A003797D4 /* LeBonCoin */;
			targetProxy = 046CD0DC299C214B003797D4 /* PBXContainerItemProxy */;
		};
/* End PBXTargetDependency section */

/* Begin PBXVariantGroup section */
		046CD0CE299C214A003797D4 /* Main.storyboard */ = {
			isa = PBXVariantGroup;
			children = (
				046CD0CF299C214A003797D4 /* Base */,
			);
			name = Main.storyboard;
			sourceTree = "<group>";
		};
		046CD0D3299C214B003797D4 /* LaunchScreen.storyboard */ = {
			isa = PBXVariantGroup;
			children = (
				046CD0D4299C214B003797D4 /* Base */,
			);
			name = LaunchScreen.storyboard;
			sourceTree = "<group>";
		};
/* End PBXVariantGroup section */

/* Begin XCBuildConfiguration section */
		046CD0ED299C214B003797D4 /* Debug */ = {
			isa = XCBuildConfiguration;
			buildSettings = {
				ALWAYS_SEARCH_USER_PATHS = NO;
				CLANG_ANALYZER_NONNULL = YES;
				CLANG_ANALYZER_NUMBER_OBJECT_CONVERSION = YES_AGGRESSIVE;
				CLANG_CXX_LANGUAGE_STANDARD = "gnu++20";
				CLANG_ENABLE_MODULES = YES;
				CLANG_ENABLE_OBJC_ARC = YES;
				CLANG_ENABLE_OBJC_WEAK = YES;
				CLANG_WARN_BLOCK_CAPTURE_AUTORELEASING = YES;
				CLANG_WARN_BOOL_CONVERSION = YES;
				CLANG_WARN_COMMA = YES;
				CLANG_WARN_CONSTANT_CONVERSION = YES;
				CLANG_WARN_DEPRECATED_OBJC_IMPLEMENTATIONS = YES;
				CLANG_WARN_DIRECT_OBJC_ISA_USAGE = YES_ERROR;
				CLANG_WARN_DOCUMENTATION_COMMENTS = YES;
				CLANG_WARN_EMPTY_BODY = YES;
				CLANG_WARN_ENUM_CONVERSION = YES;
				CLANG_WARN_INFINITE_RECURSION = YES;
				CLANG_WARN_INT_CONVERSION = YES;
				CLANG_WARN_NON_LITERAL_NULL_CONVERSION = YES;
				CLANG_WARN_OBJC_IMPLICIT_RETAIN_SELF = YES;
				CLANG_WARN_OBJC_LITERAL_CONVERSION = YES;
				CLANG_WARN_OBJC_ROOT_CLASS = YES_ERROR;
				CLANG_WARN_QUOTED_INCLUDE_IN_FRAMEWORK_HEADER = YES;
				CLANG_WARN_RANGE_LOOP_ANALYSIS = YES;
				CLANG_WARN_STRICT_PROTOTYPES = YES;
				CLANG_WARN_SUSPICIOUS_MOVE = YES;
				CLANG_WARN_UNGUARDED_AVAILABILITY = YES_AGGRESSIVE;
				CLANG_WARN_UNREACHABLE_CODE = YES;
				CLANG_WARN__DUPLICATE_METHOD_MATCH = YES;
				COPY_PHASE_STRIP = NO;
				DEBUG_INFORMATION_FORMAT = dwarf;
				ENABLE_STRICT_OBJC_MSGSEND = YES;
				ENABLE_TESTABILITY = YES;
				GCC_C_LANGUAGE_STANDARD = gnu11;
				GCC_DYNAMIC_NO_PIC = NO;
				GCC_NO_COMMON_BLOCKS = YES;
				GCC_OPTIMIZATION_LEVEL = 0;
				GCC_PREPROCESSOR_DEFINITIONS = (
					"DEBUG=1",
					"$(inherited)",
				);
				GCC_WARN_64_TO_32_BIT_CONVERSION = YES;
				GCC_WARN_ABOUT_RETURN_TYPE = YES_ERROR;
				GCC_WARN_UNDECLARED_SELECTOR = YES;
				GCC_WARN_UNINITIALIZED_AUTOS = YES_AGGRESSIVE;
				GCC_WARN_UNUSED_FUNCTION = YES;
				GCC_WARN_UNUSED_VARIABLE = YES;
				IPHONEOS_DEPLOYMENT_TARGET = 14.0;
				MTL_ENABLE_DEBUG_INFO = INCLUDE_SOURCE;
				MTL_FAST_MATH = YES;
				ONLY_ACTIVE_ARCH = YES;
				SDKROOT = iphoneos;
				SWIFT_ACTIVE_COMPILATION_CONDITIONS = DEBUG;
				SWIFT_OPTIMIZATION_LEVEL = "-Onone";
			};
			name = Debug;
		};
		046CD0EE299C214B003797D4 /* Release */ = {
			isa = XCBuildConfiguration;
			buildSettings = {
				ALWAYS_SEARCH_USER_PATHS = NO;
				CLANG_ANALYZER_NONNULL = YES;
				CLANG_ANALYZER_NUMBER_OBJECT_CONVERSION = YES_AGGRESSIVE;
				CLANG_CXX_LANGUAGE_STANDARD = "gnu++20";
				CLANG_ENABLE_MODULES = YES;
				CLANG_ENABLE_OBJC_ARC = YES;
				CLANG_ENABLE_OBJC_WEAK = YES;
				CLANG_WARN_BLOCK_CAPTURE_AUTORELEASING = YES;
				CLANG_WARN_BOOL_CONVERSION = YES;
				CLANG_WARN_COMMA = YES;
				CLANG_WARN_CONSTANT_CONVERSION = YES;
				CLANG_WARN_DEPRECATED_OBJC_IMPLEMENTATIONS = YES;
				CLANG_WARN_DIRECT_OBJC_ISA_USAGE = YES_ERROR;
				CLANG_WARN_DOCUMENTATION_COMMENTS = YES;
				CLANG_WARN_EMPTY_BODY = YES;
				CLANG_WARN_ENUM_CONVERSION = YES;
				CLANG_WARN_INFINITE_RECURSION = YES;
				CLANG_WARN_INT_CONVERSION = YES;
				CLANG_WARN_NON_LITERAL_NULL_CONVERSION = YES;
				CLANG_WARN_OBJC_IMPLICIT_RETAIN_SELF = YES;
				CLANG_WARN_OBJC_LITERAL_CONVERSION = YES;
				CLANG_WARN_OBJC_ROOT_CLASS = YES_ERROR;
				CLANG_WARN_QUOTED_INCLUDE_IN_FRAMEWORK_HEADER = YES;
				CLANG_WARN_RANGE_LOOP_ANALYSIS = YES;
				CLANG_WARN_STRICT_PROTOTYPES = YES;
				CLANG_WARN_SUSPICIOUS_MOVE = YES;
				CLANG_WARN_UNGUARDED_AVAILABILITY = YES_AGGRESSIVE;
				CLANG_WARN_UNREACHABLE_CODE = YES;
				CLANG_WARN__DUPLICATE_METHOD_MATCH = YES;
				COPY_PHASE_STRIP = NO;
				DEBUG_INFORMATION_FORMAT = "dwarf-with-dsym";
				ENABLE_NS_ASSERTIONS = NO;
				ENABLE_STRICT_OBJC_MSGSEND = YES;
				GCC_C_LANGUAGE_STANDARD = gnu11;
				GCC_NO_COMMON_BLOCKS = YES;
				GCC_WARN_64_TO_32_BIT_CONVERSION = YES;
				GCC_WARN_ABOUT_RETURN_TYPE = YES_ERROR;
				GCC_WARN_UNDECLARED_SELECTOR = YES;
				GCC_WARN_UNINITIALIZED_AUTOS = YES_AGGRESSIVE;
				GCC_WARN_UNUSED_FUNCTION = YES;
				GCC_WARN_UNUSED_VARIABLE = YES;
				IPHONEOS_DEPLOYMENT_TARGET = 14.0;
				MTL_ENABLE_DEBUG_INFO = NO;
				MTL_FAST_MATH = YES;
				SDKROOT = iphoneos;
				SWIFT_COMPILATION_MODE = wholemodule;
				SWIFT_OPTIMIZATION_LEVEL = "-O";
				VALIDATE_PRODUCT = YES;
			};
			name = Release;
		};
		046CD0F0299C214B003797D4 /* Debug */ = {
			isa = XCBuildConfiguration;
			buildSettings = {
				ASSETCATALOG_COMPILER_APPICON_NAME = AppIcon;
				ASSETCATALOG_COMPILER_GLOBAL_ACCENT_COLOR_NAME = AccentColor;
				CODE_SIGN_STYLE = Automatic;
				CURRENT_PROJECT_VERSION = 1;
				GENERATE_INFOPLIST_FILE = YES;
				INFOPLIST_FILE = LeBonCoin/Info.plist;
				INFOPLIST_KEY_UIApplicationSupportsIndirectInputEvents = YES;
				INFOPLIST_KEY_UILaunchStoryboardName = LaunchScreen;
				INFOPLIST_KEY_UIMainStoryboardFile = Main;
				INFOPLIST_KEY_UISupportedInterfaceOrientations_iPad = "UIInterfaceOrientationPortrait UIInterfaceOrientationPortraitUpsideDown UIInterfaceOrientationLandscapeLeft UIInterfaceOrientationLandscapeRight";
				INFOPLIST_KEY_UISupportedInterfaceOrientations_iPhone = "UIInterfaceOrientationPortrait UIInterfaceOrientationLandscapeLeft UIInterfaceOrientationLandscapeRight";
				IPHONEOS_DEPLOYMENT_TARGET = 14.0;
				LD_RUNPATH_SEARCH_PATHS = (
					"$(inherited)",
					"@executable_path/Frameworks",
				);
				MARKETING_VERSION = 1.0;
				PRODUCT_BUNDLE_IDENTIFIER = com.leboncoin.project.LeBonCoin;
				PRODUCT_NAME = "$(TARGET_NAME)";
				SWIFT_EMIT_LOC_STRINGS = YES;
				SWIFT_VERSION = 5.0;
				TARGETED_DEVICE_FAMILY = "1,2";
			};
			name = Debug;
		};
		046CD0F1299C214B003797D4 /* Release */ = {
			isa = XCBuildConfiguration;
			buildSettings = {
				ASSETCATALOG_COMPILER_APPICON_NAME = AppIcon;
				ASSETCATALOG_COMPILER_GLOBAL_ACCENT_COLOR_NAME = AccentColor;
				CODE_SIGN_STYLE = Automatic;
				CURRENT_PROJECT_VERSION = 1;
				GENERATE_INFOPLIST_FILE = YES;
				INFOPLIST_FILE = LeBonCoin/Info.plist;
				INFOPLIST_KEY_UIApplicationSupportsIndirectInputEvents = YES;
				INFOPLIST_KEY_UILaunchStoryboardName = LaunchScreen;
				INFOPLIST_KEY_UIMainStoryboardFile = Main;
				INFOPLIST_KEY_UISupportedInterfaceOrientations_iPad = "UIInterfaceOrientationPortrait UIInterfaceOrientationPortraitUpsideDown UIInterfaceOrientationLandscapeLeft UIInterfaceOrientationLandscapeRight";
				INFOPLIST_KEY_UISupportedInterfaceOrientations_iPhone = "UIInterfaceOrientationPortrait UIInterfaceOrientationLandscapeLeft UIInterfaceOrientationLandscapeRight";
				IPHONEOS_DEPLOYMENT_TARGET = 14.0;
				LD_RUNPATH_SEARCH_PATHS = (
					"$(inherited)",
					"@executable_path/Frameworks",
				);
				MARKETING_VERSION = 1.0;
				PRODUCT_BUNDLE_IDENTIFIER = com.leboncoin.project.LeBonCoin;
				PRODUCT_NAME = "$(TARGET_NAME)";
				SWIFT_EMIT_LOC_STRINGS = YES;
				SWIFT_VERSION = 5.0;
				TARGETED_DEVICE_FAMILY = "1,2";
			};
			name = Release;
		};
		046CD0F3299C214B003797D4 /* Debug */ = {
			isa = XCBuildConfiguration;
			buildSettings = {
				ALWAYS_EMBED_SWIFT_STANDARD_LIBRARIES = YES;
				BUNDLE_LOADER = "$(TEST_HOST)";
				CODE_SIGN_STYLE = Automatic;
				CURRENT_PROJECT_VERSION = 1;
				GENERATE_INFOPLIST_FILE = YES;
				IPHONEOS_DEPLOYMENT_TARGET = 14.0;
				MARKETING_VERSION = 1.0;
				PRODUCT_BUNDLE_IDENTIFIER = com.leboncoin.project.LeBonCoinTests;
				PRODUCT_NAME = "$(TARGET_NAME)";
				SWIFT_EMIT_LOC_STRINGS = NO;
				SWIFT_VERSION = 5.0;
				TARGETED_DEVICE_FAMILY = "1,2";
				TEST_HOST = "$(BUILT_PRODUCTS_DIR)/LeBonCoin.app/$(BUNDLE_EXECUTABLE_FOLDER_PATH)/LeBonCoin";
			};
			name = Debug;
		};
		046CD0F4299C214B003797D4 /* Release */ = {
			isa = XCBuildConfiguration;
			buildSettings = {
				ALWAYS_EMBED_SWIFT_STANDARD_LIBRARIES = YES;
				BUNDLE_LOADER = "$(TEST_HOST)";
				CODE_SIGN_STYLE = Automatic;
				CURRENT_PROJECT_VERSION = 1;
				GENERATE_INFOPLIST_FILE = YES;
				IPHONEOS_DEPLOYMENT_TARGET = 14.0;
				MARKETING_VERSION = 1.0;
				PRODUCT_BUNDLE_IDENTIFIER = com.leboncoin.project.LeBonCoinTests;
				PRODUCT_NAME = "$(TARGET_NAME)";
				SWIFT_EMIT_LOC_STRINGS = NO;
				SWIFT_VERSION = 5.0;
				TARGETED_DEVICE_FAMILY = "1,2";
				TEST_HOST = "$(BUILT_PRODUCTS_DIR)/LeBonCoin.app/$(BUNDLE_EXECUTABLE_FOLDER_PATH)/LeBonCoin";
			};
			name = Release;
		};
/* End XCBuildConfiguration section */

/* Begin XCConfigurationList section */
		046CD0C0299C214A003797D4 /* Build configuration list for PBXProject "LeBonCoin" */ = {
			isa = XCConfigurationList;
			buildConfigurations = (
				046CD0ED299C214B003797D4 /* Debug */,
				046CD0EE299C214B003797D4 /* Release */,
			);
			defaultConfigurationIsVisible = 0;
			defaultConfigurationName = Release;
		};
		046CD0EF299C214B003797D4 /* Build configuration list for PBXNativeTarget "LeBonCoin" */ = {
			isa = XCConfigurationList;
			buildConfigurations = (
				046CD0F0299C214B003797D4 /* Debug */,
				046CD0F1299C214B003797D4 /* Release */,
			);
			defaultConfigurationIsVisible = 0;
			defaultConfigurationName = Release;
		};
		046CD0F2299C214B003797D4 /* Build configuration list for PBXNativeTarget "LeBonCoinTests" */ = {
			isa = XCConfigurationList;
			buildConfigurations = (
				046CD0F3299C214B003797D4 /* Debug */,
				046CD0F4299C214B003797D4 /* Release */,
			);
			defaultConfigurationIsVisible = 0;
			defaultConfigurationName = Release;
		};
/* End XCConfigurationList section */
	};
	rootObject = 046CD0BD299C214A003797D4 /* Project object */;
}
